
Microsoft Visual Studio Solution File, Format Version 12.00
# Visual Studio Version 16
VisualStudioVersion = 16.0.29709.97
MinimumVisualStudioVersion = 10.0.40219.1
Project("{FAE04EC0-301F-11D3-BF4B-00C04F79EFBC}") = "Media Bazaar", "Media Bazaar.csproj", "{6CB0DAE6-022B-4CD6-BD40-C8A3BEB75CAD}"
EndProject
Project("{FAE04EC0-301F-11D3-BF4B-00C04F79EFBC}") = "Media Bazaar Tests", "..\Media Bazaar Tests\Media Bazaar Tests.csproj", "{21844675-C25C-4BD1-96EF-01C17EB03570}"
EndProject
Global
	GlobalSection(SolutionConfigurationPlatforms) = preSolution
		Debug|Any CPU = Debug|Any CPU
		Release|Any CPU = Release|Any CPU
	EndGlobalSection
	GlobalSection(ProjectConfigurationPlatforms) = postSolution
		{6CB0DAE6-022B-4CD6-BD40-C8A3BEB75CAD}.Debug|Any CPU.ActiveCfg = Debug|Any CPU
		{6CB0DAE6-022B-4CD6-BD40-C8A3BEB75CAD}.Debug|Any CPU.Build.0 = Debug|Any CPU
		{6CB0DAE6-022B-4CD6-BD40-C8A3BEB75CAD}.Release|Any CPU.ActiveCfg = Release|Any CPU
		{6CB0DAE6-022B-4CD6-BD40-C8A3BEB75CAD}.Release|Any CPU.Build.0 = Release|Any CPU
		{21844675-C25C-4BD1-96EF-01C17EB03570}.Debug|Any CPU.ActiveCfg = Debug|Any CPU
		{21844675-C25C-4BD1-96EF-01C17EB03570}.Debug|Any CPU.Build.0 = Debug|Any CPU
		{21844675-C25C-4BD1-96EF-01C17EB03570}.Release|Any CPU.ActiveCfg = Release|Any CPU
		{21844675-C25C-4BD1-96EF-01C17EB03570}.Release|Any CPU.Build.0 = Release|Any CPU
	EndGlobalSection
	GlobalSection(SolutionProperties) = preSolution
		HideSolutionNode = FALSE
	EndGlobalSection
	GlobalSection(ExtensibilityGlobals) = postSolution
		SolutionGuid = {14A6C71C-8997-4343-8CBA-C4295C93B4C7}
	EndGlobalSection
EndGlobal
